
Microsoft Visual Studio Solution File, Format Version 12.00
Project("{2150E333-8FDC-42A3-9474-1A3956D46DE8}") = "src", "src", "{85EF3904-27F2-4F29-8CC4-3DB906F94CF7}"
EndProject
Project("{2150E333-8FDC-42A3-9474-1A3956D46DE8}") = "tests", "tests", "{3B61F00E-CF89-4DC3-9878-F75D58C3D04A}"
EndProject
Project("{2150E333-8FDC-42A3-9474-1A3956D46DE8}") = "files", "files", "{C38D19F5-CE82-4E78-96E4-D50F9BF42B8D}"
ProjectSection(SolutionItems) = preProject
	README.md = README.md
	.gitignore = .gitignore
	docker-compose.yml = docker-compose.yml
	.env = .env
	Makefile = Makefile
EndProjectSection
EndProject
Project("{FAE04EC0-301F-11D3-BF4B-00C04F79EFBC}") = "WebApi", "src\WebApi\WebApi.csproj", "{87B3DF19-0ADD-4F98-B8CE-21C896B31C7B}"
EndProject
Project("{FAE04EC0-301F-11D3-BF4B-00C04F79EFBC}") = "WebApi.Tests", "tests\WebApi.Tests\WebApi.Tests.csproj", "{68F9344F-8643-4890-819B-7A620D37F360}"
EndProject
Project("{FAE04EC0-301F-11D3-BF4B-00C04F79EFBC}") = "Admin", "src\Admin\Admin.csproj", "{BD7E41A6-7A98-42D5-91B2-436B0C24962C}"
EndProject
Project("{FAE04EC0-301F-11D3-BF4B-00C04F79EFBC}") = "Models", "src\Models\Models.csproj", "{360C3763-1EDF-45F3-AD19-658B2AE88731}"
EndProject
Project("{FAE04EC0-301F-11D3-BF4B-00C04F79EFBC}") = "Signup", "src\Signup\Signup.csproj", "{BD4DAD2E-CEDA-4106-8F1B-7689B243CE8A}"
EndProject
Project("{FAE04EC0-301F-11D3-BF4B-00C04F79EFBC}") = "Auth", "src\Auth\Auth.csproj", "{D3D92E87-A6C0-4DFD-9156-EC7F290988B4}"
EndProject
Project("{FAE04EC0-301F-11D3-BF4B-00C04F79EFBC}") = "Admin.Tests", "tests\Admin.Tests\Admin.Tests.csproj", "{9C22493D-0CB7-4620-BCAA-F24B03F64EE2}"
EndProject
Project("{FAE04EC0-301F-11D3-BF4B-00C04F79EFBC}") = "Utils.Seeding", "tests\Utils.Seeding\Utils.Seeding.csproj", "{48B21603-1A59-41B6-956B-5CDFA4900083}"
EndProject
Project("{FAE04EC0-301F-11D3-BF4B-00C04F79EFBC}") = "Signup.Tests", "tests\Signup.Tests\Signup.Tests.csproj", "{15ECBA3F-E6B7-4C5E-A2BC-FC53FA94B4C3}"
EndProject
Project("{FAE04EC0-301F-11D3-BF4B-00C04F79EFBC}") = "Db", "src\Db\Db.csproj", "{A43B8E5C-9AC5-4A56-91A3-6ED0AAA82045}"
EndProject
Global
	GlobalSection(SolutionConfigurationPlatforms) = preSolution
		Debug|Any CPU = Debug|Any CPU
		Release|Any CPU = Release|Any CPU
	EndGlobalSection
	GlobalSection(NestedProjects) = preSolution
		{87B3DF19-0ADD-4F98-B8CE-21C896B31C7B} = {85EF3904-27F2-4F29-8CC4-3DB906F94CF7}
		{68F9344F-8643-4890-819B-7A620D37F360} = {3B61F00E-CF89-4DC3-9878-F75D58C3D04A}
		{BD7E41A6-7A98-42D5-91B2-436B0C24962C} = {85EF3904-27F2-4F29-8CC4-3DB906F94CF7}
		{360C3763-1EDF-45F3-AD19-658B2AE88731} = {85EF3904-27F2-4F29-8CC4-3DB906F94CF7}
		{BD4DAD2E-CEDA-4106-8F1B-7689B243CE8A} = {85EF3904-27F2-4F29-8CC4-3DB906F94CF7}
		{D3D92E87-A6C0-4DFD-9156-EC7F290988B4} = {85EF3904-27F2-4F29-8CC4-3DB906F94CF7}
		{9C22493D-0CB7-4620-BCAA-F24B03F64EE2} = {3B61F00E-CF89-4DC3-9878-F75D58C3D04A}
		{48B21603-1A59-41B6-956B-5CDFA4900083} = {3B61F00E-CF89-4DC3-9878-F75D58C3D04A}
		{15ECBA3F-E6B7-4C5E-A2BC-FC53FA94B4C3} = {3B61F00E-CF89-4DC3-9878-F75D58C3D04A}
		{A43B8E5C-9AC5-4A56-91A3-6ED0AAA82045} = {85EF3904-27F2-4F29-8CC4-3DB906F94CF7}
	EndGlobalSection
	GlobalSection(ProjectConfigurationPlatforms) = postSolution
		{87B3DF19-0ADD-4F98-B8CE-21C896B31C7B}.Debug|Any CPU.ActiveCfg = Debug|Any CPU
		{87B3DF19-0ADD-4F98-B8CE-21C896B31C7B}.Debug|Any CPU.Build.0 = Debug|Any CPU
		{87B3DF19-0ADD-4F98-B8CE-21C896B31C7B}.Release|Any CPU.ActiveCfg = Release|Any CPU
		{87B3DF19-0ADD-4F98-B8CE-21C896B31C7B}.Release|Any CPU.Build.0 = Release|Any CPU
		{68F9344F-8643-4890-819B-7A620D37F360}.Debug|Any CPU.ActiveCfg = Debug|Any CPU
		{68F9344F-8643-4890-819B-7A620D37F360}.Debug|Any CPU.Build.0 = Debug|Any CPU
		{68F9344F-8643-4890-819B-7A620D37F360}.Release|Any CPU.ActiveCfg = Release|Any CPU
		{68F9344F-8643-4890-819B-7A620D37F360}.Release|Any CPU.Build.0 = Release|Any CPU
		{BD7E41A6-7A98-42D5-91B2-436B0C24962C}.Debug|Any CPU.ActiveCfg = Debug|Any CPU
		{BD7E41A6-7A98-42D5-91B2-436B0C24962C}.Debug|Any CPU.Build.0 = Debug|Any CPU
		{BD7E41A6-7A98-42D5-91B2-436B0C24962C}.Release|Any CPU.ActiveCfg = Release|Any CPU
		{BD7E41A6-7A98-42D5-91B2-436B0C24962C}.Release|Any CPU.Build.0 = Release|Any CPU
		{360C3763-1EDF-45F3-AD19-658B2AE88731}.Debug|Any CPU.ActiveCfg = Debug|Any CPU
		{360C3763-1EDF-45F3-AD19-658B2AE88731}.Debug|Any CPU.Build.0 = Debug|Any CPU
		{360C3763-1EDF-45F3-AD19-658B2AE88731}.Release|Any CPU.ActiveCfg = Release|Any CPU
		{360C3763-1EDF-45F3-AD19-658B2AE88731}.Release|Any CPU.Build.0 = Release|Any CPU
		{BD4DAD2E-CEDA-4106-8F1B-7689B243CE8A}.Debug|Any CPU.ActiveCfg = Debug|Any CPU
		{BD4DAD2E-CEDA-4106-8F1B-7689B243CE8A}.Debug|Any CPU.Build.0 = Debug|Any CPU
		{BD4DAD2E-CEDA-4106-8F1B-7689B243CE8A}.Release|Any CPU.ActiveCfg = Release|Any CPU
		{BD4DAD2E-CEDA-4106-8F1B-7689B243CE8A}.Release|Any CPU.Build.0 = Release|Any CPU
		{D3D92E87-A6C0-4DFD-9156-EC7F290988B4}.Debug|Any CPU.ActiveCfg = Debug|Any CPU
		{D3D92E87-A6C0-4DFD-9156-EC7F290988B4}.Debug|Any CPU.Build.0 = Debug|Any CPU
		{D3D92E87-A6C0-4DFD-9156-EC7F290988B4}.Release|Any CPU.ActiveCfg = Release|Any CPU
		{D3D92E87-A6C0-4DFD-9156-EC7F290988B4}.Release|Any CPU.Build.0 = Release|Any CPU
		{9C22493D-0CB7-4620-BCAA-F24B03F64EE2}.Debug|Any CPU.ActiveCfg = Debug|Any CPU
		{9C22493D-0CB7-4620-BCAA-F24B03F64EE2}.Debug|Any CPU.Build.0 = Debug|Any CPU
		{9C22493D-0CB7-4620-BCAA-F24B03F64EE2}.Release|Any CPU.ActiveCfg = Release|Any CPU
		{9C22493D-0CB7-4620-BCAA-F24B03F64EE2}.Release|Any CPU.Build.0 = Release|Any CPU
		{48B21603-1A59-41B6-956B-5CDFA4900083}.Debug|Any CPU.ActiveCfg = Debug|Any CPU
		{48B21603-1A59-41B6-956B-5CDFA4900083}.Debug|Any CPU.Build.0 = Debug|Any CPU
		{48B21603-1A59-41B6-956B-5CDFA4900083}.Release|Any CPU.ActiveCfg = Release|Any CPU
		{48B21603-1A59-41B6-956B-5CDFA4900083}.Release|Any CPU.Build.0 = Release|Any CPU
		{15ECBA3F-E6B7-4C5E-A2BC-FC53FA94B4C3}.Debug|Any CPU.ActiveCfg = Debug|Any CPU
		{15ECBA3F-E6B7-4C5E-A2BC-FC53FA94B4C3}.Debug|Any CPU.Build.0 = Debug|Any CPU
		{15ECBA3F-E6B7-4C5E-A2BC-FC53FA94B4C3}.Release|Any CPU.ActiveCfg = Release|Any CPU
		{15ECBA3F-E6B7-4C5E-A2BC-FC53FA94B4C3}.Release|Any CPU.Build.0 = Release|Any CPU
		{A43B8E5C-9AC5-4A56-91A3-6ED0AAA82045}.Debug|Any CPU.ActiveCfg = Debug|Any CPU
		{A43B8E5C-9AC5-4A56-91A3-6ED0AAA82045}.Debug|Any CPU.Build.0 = Debug|Any CPU
		{A43B8E5C-9AC5-4A56-91A3-6ED0AAA82045}.Release|Any CPU.ActiveCfg = Release|Any CPU
		{A43B8E5C-9AC5-4A56-91A3-6ED0AAA82045}.Release|Any CPU.Build.0 = Release|Any CPU
	EndGlobalSection
EndGlobal
